Microsoft Visual Studio Solution File, Format Version 12.00
# Visual Studio Version 17
VisualStudioVersion = 17.5.2.0
MinimumVisualStudioVersion = 10.0.40219.1
Project("{FAE04EC0-301F-11D3-BF4B-00C04F79EFBC}") = "beerhub_api", "beerhub_api.csproj", "{B5D57413-2328-BF45-9B6F-E5D96E8550F6}"
EndProject
Global
	GlobalSection(SolutionConfigurationPlatforms) = preSolution
		Debug|Any CPU = Debug|Any CPU
		Release|Any CPU = Release|Any CPU
	EndGlobalSection
	GlobalSection(ProjectConfigurationPlatforms) = postSolution
		{B5D57413-2328-BF45-9B6F-E5D96E8550F6}.Debug|Any CPU.ActiveCfg = Debug|Any CPU
		{B5D57413-2328-BF45-9B6F-E5D96E8550F6}.Debug|Any CPU.Build.0 = Debug|Any CPU
		{B5D57413-2328-BF45-9B6F-E5D96E8550F6}.Release|Any CPU.ActiveCfg = Release|Any CPU
		{B5D57413-2328-BF45-9B6F-E5D96E8550F6}.Release|Any CPU.Build.0 = Release|Any CPU
	EndGlobalSection
	GlobalSection(SolutionProperties) = preSolution
		HideSolutionNode = FALSE
	EndGlobalSection
	GlobalSection(ExtensibilityGlobals) = postSolution
		SolutionGuid = {F43754F4-3A73-452C-9343-32807744F4DE}
	EndGlobalSection
EndGlobal
